<?xml version="1.0" encoding="UTF-8" standalone="yes" ?>
<CodeBlocks_project_file>
	<FileVersion major="1" minor="6" />
	<Project>
		<Option title="gerbparse" />
		<Option pch_mode="2" />
		<Option compiler="gcc" />
		<Build>
			<Target title="Debug">
				<Option output="bin/Debug/gerbparse" prefix_auto="1" extension_auto="1" />
				<Option working_dir="" />
				<Option object_output="obj/Debug/" />
				<Option type="2" />
				<Option compiler="gcc" />
				<Option createDefFile="1" />
				<Compiler>
					<Add option="-Wall" />
					<Add option="-std=c++11" />
					<Add option="-g" />
					<Add directory="include" />
				</Compiler>
			</Target>
			<Target title="Release">
				<Option output="bin/Release/gerbparse" prefix_auto="1" extension_auto="1" />
				<Option working_dir="" />
				<Option object_output="obj/Release/" />
				<Option type="2" />
				<Option compiler="gcc" />
				<Option createDefFile="1" />
				<Compiler>
					<Add option="-Wall" />
					<Add option="-O2" />
					<Add directory="include" />
				</Compiler>
				<Linker>
					<Add option="-s" />
				</Linker>
			</Target>
		</Build>
		<Unit filename="include/Aperture.h" />
		<Unit filename="include/GerberCommands.h" />
		<Unit filename="include/GerberFile.h" />
		<Unit filename="include/GerberGraphicsState.h" />
		<Unit filename="include/GerberSyntaxReader.h" />
		<Unit filename="include/Shape.h" />
		<Unit filename="src/Aperture.cpp" />
		<Unit filename="src/GerberCommands.cpp" />
		<Unit filename="src/GerberFile.cpp" />
		<Unit filename="src/GerberGraphicsState.cpp" />
		<Unit filename="src/GerberSyntaxReader.cpp" />
		<Unit filename="src/Shape.cpp" />
		<Extensions>
			<code_completion />
			<envvars />
			<debugger />
		</Extensions>
	</Project>
</CodeBlocks_project_file>
